
Microsoft Visual Studio Solution File, Format Version 12.00
# Visual Studio Version 16
VisualStudioVersion = 16.0.29806.167
MinimumVisualStudioVersion = 10.0.40219.1
Project("{FAE04EC0-301F-11D3-BF4B-00C04F79EFBC}") = "JavascriptSample", "JavascriptSample\JavascriptSample.csproj", "{3ED3889F-9153-4760-842F-713BC2BEAAAB}"
EndProject
Global
	GlobalSection(SolutionConfigurationPlatforms) = preSolution
		Debug|Any CPU = Debug|Any CPU
		Release|Any CPU = Release|Any CPU
	EndGlobalSection
	GlobalSection(ProjectConfigurationPlatforms) = postSolution
		{3ED3889F-9153-4760-842F-713BC2BEAAAB}.Debug|Any CPU.ActiveCfg = Debug|Any CPU
		{3ED3889F-9153-4760-842F-713BC2BEAAAB}.Debug|Any CPU.Build.0 = Debug|Any CPU
		{3ED3889F-9153-4760-842F-713BC2BEAAAB}.Release|Any CPU.ActiveCfg = Release|Any CPU
		{3ED3889F-9153-4760-842F-713BC2BEAAAB}.Release|Any CPU.Build.0 = Release|Any CPU
	EndGlobalSection
	GlobalSection(SolutionProperties) = preSolution
		HideSolutionNode = FALSE
	EndGlobalSection
	GlobalSection(ExtensibilityGlobals) = postSolution
		SolutionGuid = {BE5AA84E-10B7-4365-96A1-1810643C002A}
	EndGlobalSection
EndGlobal
