
Microsoft Visual Studio Solution File, Format Version 12.00
# Visual Studio Version 16
VisualStudioVersion = 16.0.29519.87
MinimumVisualStudioVersion = 10.0.40219.1
Project("{FAE04EC0-301F-11D3-BF4B-00C04F79EFBC}") = "WFA_CodeFirst", "WFA_CodeFirst\WFA_CodeFirst.csproj", "{C20BD66A-073B-48E9-8557-2A5C5C95FA4E}"
EndProject
Project("{2150E333-8FDC-42A3-9474-1A3956D46DE8}") = "Solution Items", "Solution Items", "{36B1E8D0-3772-4352-AE6F-30F479F97AE9}"
	ProjectSection(SolutionItems) = preProject
		ReadMe.txt = ReadMe.txt
	EndProjectSection
EndProject
Global
	GlobalSection(SolutionConfigurationPlatforms) = preSolution
		Debug|Any CPU = Debug|Any CPU
		Release|Any CPU = Release|Any CPU
	EndGlobalSection
	GlobalSection(ProjectConfigurationPlatforms) = postSolution
		{C20BD66A-073B-48E9-8557-2A5C5C95FA4E}.Debug|Any CPU.ActiveCfg = Debug|Any CPU
		{C20BD66A-073B-48E9-8557-2A5C5C95FA4E}.Debug|Any CPU.Build.0 = Debug|Any CPU
		{C20BD66A-073B-48E9-8557-2A5C5C95FA4E}.Release|Any CPU.ActiveCfg = Release|Any CPU
		{C20BD66A-073B-48E9-8557-2A5C5C95FA4E}.Release|Any CPU.Build.0 = Release|Any CPU
	EndGlobalSection
	GlobalSection(SolutionProperties) = preSolution
		HideSolutionNode = FALSE
	EndGlobalSection
	GlobalSection(ExtensibilityGlobals) = postSolution
		SolutionGuid = {593429A9-F9C7-4070-95A3-1F98913D73E0}
	EndGlobalSection
EndGlobal
