
Microsoft Visual Studio Solution File, Format Version 12.00
# Visual Studio Version 16
VisualStudioVersion = 16.0.29806.167
MinimumVisualStudioVersion = 10.0.40219.1
Project("{FAE04EC0-301F-11D3-BF4B-00C04F79EFBC}") = "NetBlog.DAL", "NetBlog.DAL\NetBlog.DAL.csproj", "{0C0CCA53-83CA-4723-9352-0D4AE7AD34BD}"
EndProject
Project("{FAE04EC0-301F-11D3-BF4B-00C04F79EFBC}") = "NetCoreBlog.MVC", "NetCoreBlog.MVC\NetCoreBlog.MVC.csproj", "{C34F012C-BBA5-4429-8F61-CD7BE8C10D98}"
EndProject
Project("{FAE04EC0-301F-11D3-BF4B-00C04F79EFBC}") = "NetCoreBlog.BLL", "NetCoreBlog.BLL\NetCoreBlog.BLL.csproj", "{E4DF94C1-2464-484A-B56D-44AFBAAE4449}"
EndProject
Global
	GlobalSection(SolutionConfigurationPlatforms) = preSolution
		Debug|Any CPU = Debug|Any CPU
		Release|Any CPU = Release|Any CPU
	EndGlobalSection
	GlobalSection(ProjectConfigurationPlatforms) = postSolution
		{0C0CCA53-83CA-4723-9352-0D4AE7AD34BD}.Debug|Any CPU.ActiveCfg = Debug|Any CPU
		{0C0CCA53-83CA-4723-9352-0D4AE7AD34BD}.Debug|Any CPU.Build.0 = Debug|Any CPU
		{0C0CCA53-83CA-4723-9352-0D4AE7AD34BD}.Release|Any CPU.ActiveCfg = Release|Any CPU
		{0C0CCA53-83CA-4723-9352-0D4AE7AD34BD}.Release|Any CPU.Build.0 = Release|Any CPU
		{C34F012C-BBA5-4429-8F61-CD7BE8C10D98}.Debug|Any CPU.ActiveCfg = Debug|Any CPU
		{C34F012C-BBA5-4429-8F61-CD7BE8C10D98}.Debug|Any CPU.Build.0 = Debug|Any CPU
		{C34F012C-BBA5-4429-8F61-CD7BE8C10D98}.Release|Any CPU.ActiveCfg = Release|Any CPU
		{C34F012C-BBA5-4429-8F61-CD7BE8C10D98}.Release|Any CPU.Build.0 = Release|Any CPU
		{E4DF94C1-2464-484A-B56D-44AFBAAE4449}.Debug|Any CPU.ActiveCfg = Debug|Any CPU
		{E4DF94C1-2464-484A-B56D-44AFBAAE4449}.Debug|Any CPU.Build.0 = Debug|Any CPU
		{E4DF94C1-2464-484A-B56D-44AFBAAE4449}.Release|Any CPU.ActiveCfg = Release|Any CPU
		{E4DF94C1-2464-484A-B56D-44AFBAAE4449}.Release|Any CPU.Build.0 = Release|Any CPU
	EndGlobalSection
	GlobalSection(SolutionProperties) = preSolution
		HideSolutionNode = FALSE
	EndGlobalSection
	GlobalSection(ExtensibilityGlobals) = postSolution
		SolutionGuid = {4782D2DD-E3BE-4234-B1C3-091FB6E5D5E9}
	EndGlobalSection
EndGlobal
