
Microsoft Visual Studio Solution File, Format Version 12.00
# Visual Studio Version 16
VisualStudioVersion = 16.0.29806.167
MinimumVisualStudioVersion = 10.0.40219.1
Project("{FAE04EC0-301F-11D3-BF4B-00C04F79EFBC}") = "MVCIntro", "MVCIntro\MVCIntro.csproj", "{81764915-F7EC-4A73-9569-C6CD66E1F5BB}"
EndProject
Project("{FAE04EC0-301F-11D3-BF4B-00C04F79EFBC}") = "MVCRazorView", "MVCRazorView\MVCRazorView.csproj", "{B068C9A2-847D-4E69-A99E-C937BD2DF020}"
EndProject
Project("{FAE04EC0-301F-11D3-BF4B-00C04F79EFBC}") = "MVCRazorViewNorthwind", "MVCRazorViewNorthwind\MVCRazorViewNorthwind.csproj", "{5C8AC222-7EDA-4782-B56D-145EE6361ADB}"
EndProject
Project("{FAE04EC0-301F-11D3-BF4B-00C04F79EFBC}") = "MVCLayout", "MVCLayout\MVCLayout.csproj", "{7E164104-70E2-4C8D-86DF-AEBAE5428D7F}"
EndProject
Project("{FAE04EC0-301F-11D3-BF4B-00C04F79EFBC}") = "MVCHtmlHelpers", "MVCHtmlHelpers\MVCHtmlHelpers.csproj", "{0A7CD78C-FCEE-4144-929C-9CAD3ECAFD39}"
EndProject
Project("{FAE04EC0-301F-11D3-BF4B-00C04F79EFBC}") = "MVCDataTransfer", "MVCDataTransfer\MVCDataTransfer.csproj", "{482801B4-2E76-40A3-999E-C901F002E5BA}"
EndProject
Project("{FAE04EC0-301F-11D3-BF4B-00C04F79EFBC}") = "MVCCrud", "MVCCrud\MVCCrud.csproj", "{377FB1D7-BF47-488A-8083-38B1171DE967}"
EndProject
Project("{FAE04EC0-301F-11D3-BF4B-00C04F79EFBC}") = "MVCCustomTheme", "MVCCustomTheme\MVCCustomTheme.csproj", "{710CDB1A-9304-4FD0-8646-D24D193355E4}"
EndProject
Project("{2150E333-8FDC-42A3-9474-1A3956D46DE8}") = "1", "1", "{CCC6C7B9-F0C1-4AE8-BDA0-B73CC818D506}"
EndProject
Project("{2150E333-8FDC-42A3-9474-1A3956D46DE8}") = "2", "2", "{6E012F9A-8B62-4E6B-B8B2-8685755A0C0D}"
EndProject
Project("{2150E333-8FDC-42A3-9474-1A3956D46DE8}") = "3", "3", "{7F49C46D-5A1A-43D4-887C-EA29F0312BB8}"
EndProject
Project("{2150E333-8FDC-42A3-9474-1A3956D46DE8}") = "4", "4", "{4DAF0BCD-1F58-4BB6-B9C4-8B871257CEF4}"
EndProject
Project("{2150E333-8FDC-42A3-9474-1A3956D46DE8}") = "5", "5", "{2E9BC51F-ACCA-4E70-943A-0B5BDD5A1AEF}"
EndProject
Project("{2150E333-8FDC-42A3-9474-1A3956D46DE8}") = "6", "6", "{37951545-4DE1-4230-A39A-2F499E5B28A8}"
EndProject
Project("{2150E333-8FDC-42A3-9474-1A3956D46DE8}") = "7", "7", "{E32B26D8-7514-4B27-817F-8247F35A8599}"
EndProject
Project("{2150E333-8FDC-42A3-9474-1A3956D46DE8}") = "8", "8", "{A2E3629C-E8E2-4459-BAAE-81C988E616C5}"
EndProject
Project("{FAE04EC0-301F-11D3-BF4B-00C04F79EFBC}") = "MVCFilters", "MVCFilters\MVCFilters.csproj", "{76C1396D-832B-4692-8723-959D42EBD574}"
EndProject
Project("{2150E333-8FDC-42A3-9474-1A3956D46DE8}") = "9", "9", "{784FFD03-717E-4656-B596-18D82719035B}"
EndProject
Project("{FAE04EC0-301F-11D3-BF4B-00C04F79EFBC}") = "MVCArea", "MVCArea\MVCArea.csproj", "{4CB58F27-0A2A-4D29-9491-264EAD25D75A}"
EndProject
Project("{2150E333-8FDC-42A3-9474-1A3956D46DE8}") = "10", "10", "{E956A24F-E47F-48B4-9C3A-2E3973AD7C72}"
EndProject
Project("{FAE04EC0-301F-11D3-BF4B-00C04F79EFBC}") = "NorthwindArea", "NorthwindArea\NorthwindArea.csproj", "{C87A1D13-1077-41D1-9B0E-EA979F2CE359}"
EndProject
Global
	GlobalSection(SolutionConfigurationPlatforms) = preSolution
		Debug|Any CPU = Debug|Any CPU
		Release|Any CPU = Release|Any CPU
	EndGlobalSection
	GlobalSection(ProjectConfigurationPlatforms) = postSolution
		{81764915-F7EC-4A73-9569-C6CD66E1F5BB}.Debug|Any CPU.ActiveCfg = Debug|Any CPU
		{81764915-F7EC-4A73-9569-C6CD66E1F5BB}.Debug|Any CPU.Build.0 = Debug|Any CPU
		{81764915-F7EC-4A73-9569-C6CD66E1F5BB}.Release|Any CPU.ActiveCfg = Release|Any CPU
		{81764915-F7EC-4A73-9569-C6CD66E1F5BB}.Release|Any CPU.Build.0 = Release|Any CPU
		{B068C9A2-847D-4E69-A99E-C937BD2DF020}.Debug|Any CPU.ActiveCfg = Debug|Any CPU
		{B068C9A2-847D-4E69-A99E-C937BD2DF020}.Debug|Any CPU.Build.0 = Debug|Any CPU
		{B068C9A2-847D-4E69-A99E-C937BD2DF020}.Release|Any CPU.ActiveCfg = Release|Any CPU
		{B068C9A2-847D-4E69-A99E-C937BD2DF020}.Release|Any CPU.Build.0 = Release|Any CPU
		{5C8AC222-7EDA-4782-B56D-145EE6361ADB}.Debug|Any CPU.ActiveCfg = Debug|Any CPU
		{5C8AC222-7EDA-4782-B56D-145EE6361ADB}.Debug|Any CPU.Build.0 = Debug|Any CPU
		{5C8AC222-7EDA-4782-B56D-145EE6361ADB}.Release|Any CPU.ActiveCfg = Release|Any CPU
		{5C8AC222-7EDA-4782-B56D-145EE6361ADB}.Release|Any CPU.Build.0 = Release|Any CPU
		{7E164104-70E2-4C8D-86DF-AEBAE5428D7F}.Debug|Any CPU.ActiveCfg = Debug|Any CPU
		{7E164104-70E2-4C8D-86DF-AEBAE5428D7F}.Debug|Any CPU.Build.0 = Debug|Any CPU
		{7E164104-70E2-4C8D-86DF-AEBAE5428D7F}.Release|Any CPU.ActiveCfg = Release|Any CPU
		{7E164104-70E2-4C8D-86DF-AEBAE5428D7F}.Release|Any CPU.Build.0 = Release|Any CPU
		{0A7CD78C-FCEE-4144-929C-9CAD3ECAFD39}.Debug|Any CPU.ActiveCfg = Debug|Any CPU
		{0A7CD78C-FCEE-4144-929C-9CAD3ECAFD39}.Debug|Any CPU.Build.0 = Debug|Any CPU
		{0A7CD78C-FCEE-4144-929C-9CAD3ECAFD39}.Release|Any CPU.ActiveCfg = Release|Any CPU
		{0A7CD78C-FCEE-4144-929C-9CAD3ECAFD39}.Release|Any CPU.Build.0 = Release|Any CPU
		{482801B4-2E76-40A3-999E-C901F002E5BA}.Debug|Any CPU.ActiveCfg = Debug|Any CPU
		{482801B4-2E76-40A3-999E-C901F002E5BA}.Debug|Any CPU.Build.0 = Debug|Any CPU
		{482801B4-2E76-40A3-999E-C901F002E5BA}.Release|Any CPU.ActiveCfg = Release|Any CPU
		{482801B4-2E76-40A3-999E-C901F002E5BA}.Release|Any CPU.Build.0 = Release|Any CPU
		{377FB1D7-BF47-488A-8083-38B1171DE967}.Debug|Any CPU.ActiveCfg = Debug|Any CPU
		{377FB1D7-BF47-488A-8083-38B1171DE967}.Debug|Any CPU.Build.0 = Debug|Any CPU
		{377FB1D7-BF47-488A-8083-38B1171DE967}.Release|Any CPU.ActiveCfg = Release|Any CPU
		{377FB1D7-BF47-488A-8083-38B1171DE967}.Release|Any CPU.Build.0 = Release|Any CPU
		{710CDB1A-9304-4FD0-8646-D24D193355E4}.Debug|Any CPU.ActiveCfg = Debug|Any CPU
		{710CDB1A-9304-4FD0-8646-D24D193355E4}.Debug|Any CPU.Build.0 = Debug|Any CPU
		{710CDB1A-9304-4FD0-8646-D24D193355E4}.Release|Any CPU.ActiveCfg = Release|Any CPU
		{710CDB1A-9304-4FD0-8646-D24D193355E4}.Release|Any CPU.Build.0 = Release|Any CPU
		{76C1396D-832B-4692-8723-959D42EBD574}.Debug|Any CPU.ActiveCfg = Debug|Any CPU
		{76C1396D-832B-4692-8723-959D42EBD574}.Debug|Any CPU.Build.0 = Debug|Any CPU
		{76C1396D-832B-4692-8723-959D42EBD574}.Release|Any CPU.ActiveCfg = Release|Any CPU
		{76C1396D-832B-4692-8723-959D42EBD574}.Release|Any CPU.Build.0 = Release|Any CPU
		{4CB58F27-0A2A-4D29-9491-264EAD25D75A}.Debug|Any CPU.ActiveCfg = Debug|Any CPU
		{4CB58F27-0A2A-4D29-9491-264EAD25D75A}.Debug|Any CPU.Build.0 = Debug|Any CPU
		{4CB58F27-0A2A-4D29-9491-264EAD25D75A}.Release|Any CPU.ActiveCfg = Release|Any CPU
		{4CB58F27-0A2A-4D29-9491-264EAD25D75A}.Release|Any CPU.Build.0 = Release|Any CPU
		{C87A1D13-1077-41D1-9B0E-EA979F2CE359}.Debug|Any CPU.ActiveCfg = Debug|Any CPU
		{C87A1D13-1077-41D1-9B0E-EA979F2CE359}.Debug|Any CPU.Build.0 = Debug|Any CPU
		{C87A1D13-1077-41D1-9B0E-EA979F2CE359}.Release|Any CPU.ActiveCfg = Release|Any CPU
		{C87A1D13-1077-41D1-9B0E-EA979F2CE359}.Release|Any CPU.Build.0 = Release|Any CPU
	EndGlobalSection
	GlobalSection(SolutionProperties) = preSolution
		HideSolutionNode = FALSE
	EndGlobalSection
	GlobalSection(NestedProjects) = preSolution
		{81764915-F7EC-4A73-9569-C6CD66E1F5BB} = {CCC6C7B9-F0C1-4AE8-BDA0-B73CC818D506}
		{B068C9A2-847D-4E69-A99E-C937BD2DF020} = {6E012F9A-8B62-4E6B-B8B2-8685755A0C0D}
		{5C8AC222-7EDA-4782-B56D-145EE6361ADB} = {6E012F9A-8B62-4E6B-B8B2-8685755A0C0D}
		{7E164104-70E2-4C8D-86DF-AEBAE5428D7F} = {4DAF0BCD-1F58-4BB6-B9C4-8B871257CEF4}
		{0A7CD78C-FCEE-4144-929C-9CAD3ECAFD39} = {7F49C46D-5A1A-43D4-887C-EA29F0312BB8}
		{482801B4-2E76-40A3-999E-C901F002E5BA} = {2E9BC51F-ACCA-4E70-943A-0B5BDD5A1AEF}
		{377FB1D7-BF47-488A-8083-38B1171DE967} = {37951545-4DE1-4230-A39A-2F499E5B28A8}
		{710CDB1A-9304-4FD0-8646-D24D193355E4} = {E32B26D8-7514-4B27-817F-8247F35A8599}
		{76C1396D-832B-4692-8723-959D42EBD574} = {A2E3629C-E8E2-4459-BAAE-81C988E616C5}
		{4CB58F27-0A2A-4D29-9491-264EAD25D75A} = {784FFD03-717E-4656-B596-18D82719035B}
		{C87A1D13-1077-41D1-9B0E-EA979F2CE359} = {E956A24F-E47F-48B4-9C3A-2E3973AD7C72}
	EndGlobalSection
	GlobalSection(ExtensibilityGlobals) = postSolution
		SolutionGuid = {F33EC365-62B7-4D6A-9F7B-C684923BE58E}
	EndGlobalSection
EndGlobal
