
Microsoft Visual Studio Solution File, Format Version 12.00
# Visual Studio Version 16
VisualStudioVersion = 16.0.29806.167
MinimumVisualStudioVersion = 10.0.40219.1
Project("{FAE04EC0-301F-11D3-BF4B-00C04F79EFBC}") = "MVCIntro", "MVCIntro\MVCIntro.csproj", "{81764915-F7EC-4A73-9569-C6CD66E1F5BB}"
EndProject
Project("{FAE04EC0-301F-11D3-BF4B-00C04F79EFBC}") = "MVCRazorView", "MVCRazorView\MVCRazorView.csproj", "{B068C9A2-847D-4E69-A99E-C937BD2DF020}"
EndProject
Project("{FAE04EC0-301F-11D3-BF4B-00C04F79EFBC}") = "MVCRazorViewNorthwind", "MVCRazorViewNorthwind\MVCRazorViewNorthwind.csproj", "{5C8AC222-7EDA-4782-B56D-145EE6361ADB}"
EndProject
Project("{FAE04EC0-301F-11D3-BF4B-00C04F79EFBC}") = "MVCLayout", "MVCLayout\MVCLayout.csproj", "{7E164104-70E2-4C8D-86DF-AEBAE5428D7F}"
EndProject
Project("{FAE04EC0-301F-11D3-BF4B-00C04F79EFBC}") = "MVCHtmlHelpers", "MVCHtmlHelpers\MVCHtmlHelpers.csproj", "{0A7CD78C-FCEE-4144-929C-9CAD3ECAFD39}"
EndProject
Project("{FAE04EC0-301F-11D3-BF4B-00C04F79EFBC}") = "MVCDataTransfer", "MVCDataTransfer\MVCDataTransfer.csproj", "{482801B4-2E76-40A3-999E-C901F002E5BA}"
EndProject
Global
	GlobalSection(SolutionConfigurationPlatforms) = preSolution
		Debug|Any CPU = Debug|Any CPU
		Release|Any CPU = Release|Any CPU
	EndGlobalSection
	GlobalSection(ProjectConfigurationPlatforms) = postSolution
		{81764915-F7EC-4A73-9569-C6CD66E1F5BB}.Debug|Any CPU.ActiveCfg = Debug|Any CPU
		{81764915-F7EC-4A73-9569-C6CD66E1F5BB}.Debug|Any CPU.Build.0 = Debug|Any CPU
		{81764915-F7EC-4A73-9569-C6CD66E1F5BB}.Release|Any CPU.ActiveCfg = Release|Any CPU
		{81764915-F7EC-4A73-9569-C6CD66E1F5BB}.Release|Any CPU.Build.0 = Release|Any CPU
		{B068C9A2-847D-4E69-A99E-C937BD2DF020}.Debug|Any CPU.ActiveCfg = Debug|Any CPU
		{B068C9A2-847D-4E69-A99E-C937BD2DF020}.Debug|Any CPU.Build.0 = Debug|Any CPU
		{B068C9A2-847D-4E69-A99E-C937BD2DF020}.Release|Any CPU.ActiveCfg = Release|Any CPU
		{B068C9A2-847D-4E69-A99E-C937BD2DF020}.Release|Any CPU.Build.0 = Release|Any CPU
		{5C8AC222-7EDA-4782-B56D-145EE6361ADB}.Debug|Any CPU.ActiveCfg = Debug|Any CPU
		{5C8AC222-7EDA-4782-B56D-145EE6361ADB}.Debug|Any CPU.Build.0 = Debug|Any CPU
		{5C8AC222-7EDA-4782-B56D-145EE6361ADB}.Release|Any CPU.ActiveCfg = Release|Any CPU
		{5C8AC222-7EDA-4782-B56D-145EE6361ADB}.Release|Any CPU.Build.0 = Release|Any CPU
		{7E164104-70E2-4C8D-86DF-AEBAE5428D7F}.Debug|Any CPU.ActiveCfg = Debug|Any CPU
		{7E164104-70E2-4C8D-86DF-AEBAE5428D7F}.Debug|Any CPU.Build.0 = Debug|Any CPU
		{7E164104-70E2-4C8D-86DF-AEBAE5428D7F}.Release|Any CPU.ActiveCfg = Release|Any CPU
		{7E164104-70E2-4C8D-86DF-AEBAE5428D7F}.Release|Any CPU.Build.0 = Release|Any CPU
		{0A7CD78C-FCEE-4144-929C-9CAD3ECAFD39}.Debug|Any CPU.ActiveCfg = Debug|Any CPU
		{0A7CD78C-FCEE-4144-929C-9CAD3ECAFD39}.Debug|Any CPU.Build.0 = Debug|Any CPU
		{0A7CD78C-FCEE-4144-929C-9CAD3ECAFD39}.Release|Any CPU.ActiveCfg = Release|Any CPU
		{0A7CD78C-FCEE-4144-929C-9CAD3ECAFD39}.Release|Any CPU.Build.0 = Release|Any CPU
		{482801B4-2E76-40A3-999E-C901F002E5BA}.Debug|Any CPU.ActiveCfg = Debug|Any CPU
		{482801B4-2E76-40A3-999E-C901F002E5BA}.Debug|Any CPU.Build.0 = Debug|Any CPU
		{482801B4-2E76-40A3-999E-C901F002E5BA}.Release|Any CPU.ActiveCfg = Release|Any CPU
		{482801B4-2E76-40A3-999E-C901F002E5BA}.Release|Any CPU.Build.0 = Release|Any CPU
	EndGlobalSection
	GlobalSection(SolutionProperties) = preSolution
		HideSolutionNode = FALSE
	EndGlobalSection
	GlobalSection(ExtensibilityGlobals) = postSolution
		SolutionGuid = {F33EC365-62B7-4D6A-9F7B-C684923BE58E}
	EndGlobalSection
EndGlobal
