
Microsoft Visual Studio Solution File, Format Version 12.00
# Visual Studio Version 16
VisualStudioVersion = 16.0.29806.167
MinimumVisualStudioVersion = 10.0.40219.1
Project("{FAE04EC0-301F-11D3-BF4B-00C04F79EFBC}") = "NetCoreNorthwind", "NetCoreNorthwind\NetCoreNorthwind.csproj", "{F1B5905D-E880-41DF-B41C-5D99115C2CE1}"
EndProject
Project("{FAE04EC0-301F-11D3-BF4B-00C04F79EFBC}") = "NetCoreNorthwind.DAL", "NetCoreNorthwind.DAL\NetCoreNorthwind.DAL.csproj", "{95837E7B-C5A0-43C0-8ADB-B43460005E12}"
EndProject
Project("{FAE04EC0-301F-11D3-BF4B-00C04F79EFBC}") = "NetCoreNorthwind.BLL", "NetCoreNorthwind.BLL\NetCoreNorthwind.BLL.csproj", "{2F8DBA3E-522F-42C0-9238-C8382B513C50}"
EndProject
Global
	GlobalSection(SolutionConfigurationPlatforms) = preSolution
		Debug|Any CPU = Debug|Any CPU
		Release|Any CPU = Release|Any CPU
	EndGlobalSection
	GlobalSection(ProjectConfigurationPlatforms) = postSolution
		{F1B5905D-E880-41DF-B41C-5D99115C2CE1}.Debug|Any CPU.ActiveCfg = Debug|Any CPU
		{F1B5905D-E880-41DF-B41C-5D99115C2CE1}.Debug|Any CPU.Build.0 = Debug|Any CPU
		{F1B5905D-E880-41DF-B41C-5D99115C2CE1}.Release|Any CPU.ActiveCfg = Release|Any CPU
		{F1B5905D-E880-41DF-B41C-5D99115C2CE1}.Release|Any CPU.Build.0 = Release|Any CPU
		{95837E7B-C5A0-43C0-8ADB-B43460005E12}.Debug|Any CPU.ActiveCfg = Debug|Any CPU
		{95837E7B-C5A0-43C0-8ADB-B43460005E12}.Debug|Any CPU.Build.0 = Debug|Any CPU
		{95837E7B-C5A0-43C0-8ADB-B43460005E12}.Release|Any CPU.ActiveCfg = Release|Any CPU
		{95837E7B-C5A0-43C0-8ADB-B43460005E12}.Release|Any CPU.Build.0 = Release|Any CPU
		{2F8DBA3E-522F-42C0-9238-C8382B513C50}.Debug|Any CPU.ActiveCfg = Debug|Any CPU
		{2F8DBA3E-522F-42C0-9238-C8382B513C50}.Debug|Any CPU.Build.0 = Debug|Any CPU
		{2F8DBA3E-522F-42C0-9238-C8382B513C50}.Release|Any CPU.ActiveCfg = Release|Any CPU
		{2F8DBA3E-522F-42C0-9238-C8382B513C50}.Release|Any CPU.Build.0 = Release|Any CPU
	EndGlobalSection
	GlobalSection(SolutionProperties) = preSolution
		HideSolutionNode = FALSE
	EndGlobalSection
	GlobalSection(ExtensibilityGlobals) = postSolution
		SolutionGuid = {A1D7D9AE-B7C7-4FB8-8A06-EA457FAF142A}
	EndGlobalSection
EndGlobal
