
Microsoft Visual Studio Solution File, Format Version 12.00
# Visual Studio Version 16
VisualStudioVersion = 16.0.29519.87
MinimumVisualStudioVersion = 10.0.40219.1
Project("{FAE04EC0-301F-11D3-BF4B-00C04F79EFBC}") = "WFA_CodeFirstSamples", "WFA_CodeFirstSamples\WFA_CodeFirstSamples.csproj", "{1973AAB0-B13F-4D69-9573-4C65DB006490}"
EndProject
Global
	GlobalSection(SolutionConfigurationPlatforms) = preSolution
		Debug|Any CPU = Debug|Any CPU
		Release|Any CPU = Release|Any CPU
	EndGlobalSection
	GlobalSection(ProjectConfigurationPlatforms) = postSolution
		{1973AAB0-B13F-4D69-9573-4C65DB006490}.Debug|Any CPU.ActiveCfg = Debug|Any CPU
		{1973AAB0-B13F-4D69-9573-4C65DB006490}.Debug|Any CPU.Build.0 = Debug|Any CPU
		{1973AAB0-B13F-4D69-9573-4C65DB006490}.Release|Any CPU.ActiveCfg = Release|Any CPU
		{1973AAB0-B13F-4D69-9573-4C65DB006490}.Release|Any CPU.Build.0 = Release|Any CPU
	EndGlobalSection
	GlobalSection(SolutionProperties) = preSolution
		HideSolutionNode = FALSE
	EndGlobalSection
	GlobalSection(ExtensibilityGlobals) = postSolution
		SolutionGuid = {28850514-FEBB-462C-A370-FDBE86B14A06}
	EndGlobalSection
EndGlobal
