
Microsoft Visual Studio Solution File, Format Version 12.00
# Visual Studio Version 16
VisualStudioVersion = 16.0.29806.167
MinimumVisualStudioVersion = 10.0.40219.1
Project("{FAE04EC0-301F-11D3-BF4B-00C04F79EFBC}") = "CodeFirstSample2", "CodeFirstSample2\CodeFirstSample2.csproj", "{6BF1D886-6C33-45CD-B4E3-05C3AA823C39}"
EndProject
Global
	GlobalSection(SolutionConfigurationPlatforms) = preSolution
		Debug|Any CPU = Debug|Any CPU
		Release|Any CPU = Release|Any CPU
	EndGlobalSection
	GlobalSection(ProjectConfigurationPlatforms) = postSolution
		{6BF1D886-6C33-45CD-B4E3-05C3AA823C39}.Debug|Any CPU.ActiveCfg = Debug|Any CPU
		{6BF1D886-6C33-45CD-B4E3-05C3AA823C39}.Debug|Any CPU.Build.0 = Debug|Any CPU
		{6BF1D886-6C33-45CD-B4E3-05C3AA823C39}.Release|Any CPU.ActiveCfg = Release|Any CPU
		{6BF1D886-6C33-45CD-B4E3-05C3AA823C39}.Release|Any CPU.Build.0 = Release|Any CPU
	EndGlobalSection
	GlobalSection(SolutionProperties) = preSolution
		HideSolutionNode = FALSE
	EndGlobalSection
	GlobalSection(ExtensibilityGlobals) = postSolution
		SolutionGuid = {91F877A3-6532-426C-96CC-E216DF020623}
	EndGlobalSection
EndGlobal
