
Microsoft Visual Studio Solution File, Format Version 12.00
# Visual Studio Version 16
VisualStudioVersion = 16.0.29806.167
MinimumVisualStudioVersion = 10.0.40219.1
Project("{FAE04EC0-301F-11D3-BF4B-00C04F79EFBC}") = "HTML_Introduction", "HTML_Introduction\HTML_Introduction.csproj", "{A06C62F9-A781-47B0-8AE3-871E4F921C0A}"
EndProject
Global
	GlobalSection(SolutionConfigurationPlatforms) = preSolution
		Debug|Any CPU = Debug|Any CPU
		Release|Any CPU = Release|Any CPU
	EndGlobalSection
	GlobalSection(ProjectConfigurationPlatforms) = postSolution
		{A06C62F9-A781-47B0-8AE3-871E4F921C0A}.Debug|Any CPU.ActiveCfg = Debug|Any CPU
		{A06C62F9-A781-47B0-8AE3-871E4F921C0A}.Debug|Any CPU.Build.0 = Debug|Any CPU
		{A06C62F9-A781-47B0-8AE3-871E4F921C0A}.Release|Any CPU.ActiveCfg = Release|Any CPU
		{A06C62F9-A781-47B0-8AE3-871E4F921C0A}.Release|Any CPU.Build.0 = Release|Any CPU
	EndGlobalSection
	GlobalSection(SolutionProperties) = preSolution
		HideSolutionNode = FALSE
	EndGlobalSection
	GlobalSection(ExtensibilityGlobals) = postSolution
		SolutionGuid = {267FBCA7-2D48-4A8C-ACD3-F088B3755787}
	EndGlobalSection
EndGlobal
